github.com/klahssen/go-mat v1.1.0 h1:7V9DXVkAM+Uz9XbqyJ8NoyeV8KPKGU8Y/uBp7o4CoFw=
github.com/klahssen/go-mat v1.1.0/go.mod h1:AzgaCSuOghUPl5wfeD96Gr5Ek5do0uY1up6y2vypHvc=
github.com/klahssen/tester v1.0.1 h1:+q5fGfpOl+nzJRkyJ0NYRRNAvevMwA8+XM0K63fuNmI=
github.com/klahssen/tester v1.0.1/go.mod h1:8NHrn9uFpAlsy2HrN221/DqDVEDx2hYA2SLArDAXCbk=
