github.com/klahssen/go-mat v1.2.4 h1:lxUdaDk8dYVOjLo0rrzLDkVzyLpN3ZNFi/HQJ6ARJ54=
github.com/klahssen/go-mat v1.2.4/go.mod h1:AzgaCSuOghUPl5wfeD96Gr5Ek5do0uY1up6y2vypHvc=
github.com/klahssen/tester v1.0.1 h1:+q5fGfpOl+nzJRkyJ0NYRRNAvevMwA8+XM0K63fuNmI=
github.com/klahssen/tester v1.0.1/go.mod h1:8NHrn9uFpAlsy2HrN221/DqDVEDx2hYA2SLArDAXCbk=
